Microsoft Visual Studio Solution File, Format Version 11.00
# Visual Studio 2008

Project("{1FD15FBC-B629-A00A-6DCE-65170BC92E32}") = "Race2D", "Assembly-CSharp.csproj", "{FD1044A8-C7C6-A4D1-EB86-C08572C8FA63}"
EndProject
Global
	GlobalSection(SolutionConfigurationPlatforms) = preSolution
		Debug|Any CPU = Debug|Any CPU
		Release|Any CPU = Release|Any CPU
	EndGlobalSection
	GlobalSection(ProjectConfigurationPlatforms) = postSolution
		{FD1044A8-C7C6-A4D1-EB86-C08572C8FA63}.Debug|Any CPU.ActiveCfg = Debug|Any CPU
		{FD1044A8-C7C6-A4D1-EB86-C08572C8FA63}.Debug|Any CPU.Build.0 = Debug|Any CPU
		{FD1044A8-C7C6-A4D1-EB86-C08572C8FA63}.Release|Any CPU.ActiveCfg = Release|Any CPU
		{FD1044A8-C7C6-A4D1-EB86-C08572C8FA63}.Release|Any CPU.Build.0 = Release|Any CPU
	EndGlobalSection
	GlobalSection(SolutionProperties) = preSolution
		HideSolutionNode = FALSE
	EndGlobalSection
	GlobalSection(MonoDevelopProperties) = preSolution
		StartupItem = Assembly-CSharp.csproj
	EndGlobalSection
EndGlobal
